
Microsoft Visual Studio Solution File, Format Version 12.00
# Visual Studio Version 17
VisualStudioVersion = 17.14.36811.4 d17.14
MinimumVisualStudioVersion = 10.0.40219.1
Project("{FAE04EC0-301F-11D3-BF4B-00C04F79EFBC}") = "Highs", "Highs.csproj", "{5BEA6A69-23A3-426C-A849-3B9A9A8D518A}"
EndProject
Global
	GlobalSection(SolutionConfigurationPlatforms) = preSolution
		Debug|Any CPU = Debug|Any CPU
		Release|Any CPU = Release|Any CPU
	EndGlobalSection
	GlobalSection(ProjectConfigurationPlatforms) = postSolution
		{5BEA6A69-23A3-426C-A849-3B9A9A8D518A}.Debug|Any CPU.ActiveCfg = Debug|Any CPU
		{5BEA6A69-23A3-426C-A849-3B9A9A8D518A}.Debug|Any CPU.Build.0 = Debug|Any CPU
		{5BEA6A69-23A3-426C-A849-3B9A9A8D518A}.Release|Any CPU.ActiveCfg = Release|Any CPU
		{5BEA6A69-23A3-426C-A849-3B9A9A8D518A}.Release|Any CPU.Build.0 = Release|Any CPU
	EndGlobalSection
	GlobalSection(SolutionProperties) = preSolution
		HideSolutionNode = FALSE
	EndGlobalSection
	GlobalSection(ExtensibilityGlobals) = postSolution
		SolutionGuid = {F1C5253E-03B0-407C-B6C6-27C74E5FDF9F}
	EndGlobalSection
EndGlobal
